
Microsoft Visual Studio Solution File, Format Version 12.00
# Visual Studio Version 17
VisualStudioVersion = 17.0.31903.59
MinimumVisualStudioVersion = 10.0.40219.1
Project("{FAE04EC0-301F-11D3-BF4B-00C04F79EFBC}") = "CalculadoraFisicaLib", "CalculadoraFisicaLib\CalculadoraFisicaLib.csproj", "{3ECBA93D-5EC4-40F2-B42A-8D99C16E69A7}"
EndProject
Project("{FAE04EC0-301F-11D3-BF4B-00C04F79EFBC}") = "CalculadoraFisicaApp", "CalculadoraFisicaApp\CalculadoraFisicaApp.csproj", "{6993BA61-A444-433A-A537-A55F40422CEA}"
EndProject
Global
	GlobalSection(SolutionConfigurationPlatforms) = preSolution
		Debug|Any CPU = Debug|Any CPU
		Release|Any CPU = Release|Any CPU
	EndGlobalSection
	GlobalSection(SolutionProperties) = preSolution
		HideSolutionNode = FALSE
	EndGlobalSection
	GlobalSection(ProjectConfigurationPlatforms) = postSolution
		{3ECBA93D-5EC4-40F2-B42A-8D99C16E69A7}.Debug|Any CPU.ActiveCfg = Debug|Any CPU
		{3ECBA93D-5EC4-40F2-B42A-8D99C16E69A7}.Debug|Any CPU.Build.0 = Debug|Any CPU
		{3ECBA93D-5EC4-40F2-B42A-8D99C16E69A7}.Release|Any CPU.ActiveCfg = Release|Any CPU
		{3ECBA93D-5EC4-40F2-B42A-8D99C16E69A7}.Release|Any CPU.Build.0 = Release|Any CPU
		{6993BA61-A444-433A-A537-A55F40422CEA}.Debug|Any CPU.ActiveCfg = Debug|Any CPU
		{6993BA61-A444-433A-A537-A55F40422CEA}.Debug|Any CPU.Build.0 = Debug|Any CPU
		{6993BA61-A444-433A-A537-A55F40422CEA}.Release|Any CPU.ActiveCfg = Release|Any CPU
		{6993BA61-A444-433A-A537-A55F40422CEA}.Release|Any CPU.Build.0 = Release|Any CPU
	EndGlobalSection
EndGlobal
